
Microsoft Visual Studio Solution File, Format Version 12.00
# Visual Studio Version 17
VisualStudioVersion = 17.5.33530.505
MinimumVisualStudioVersion = 10.0.40219.1
Project("{8BC9CEB8-8B4A-11D0-8D11-00A0C91BC942}") = "Lab7-9", "Lab7-9.vcxproj", "{D5821988-E2B4-41CB-922C-49FB81B2E7CB}"
EndProject
Global
	GlobalSection(SolutionConfigurationPlatforms) = preSolution
		Debug|x64 = Debug|x64
		Debug|x86 = Debug|x86
		Release|x64 = Release|x64
		Release|x86 = Release|x86
	EndGlobalSection
	GlobalSection(ProjectConfigurationPlatforms) = postSolution
		{D5821988-E2B4-41CB-922C-49FB81B2E7CB}.Debug|x64.ActiveCfg = Debug|x64
		{D5821988-E2B4-41CB-922C-49FB81B2E7CB}.Debug|x64.Build.0 = Debug|x64
		{D5821988-E2B4-41CB-922C-49FB81B2E7CB}.Debug|x86.ActiveCfg = Debug|Win32
		{D5821988-E2B4-41CB-922C-49FB81B2E7CB}.Debug|x86.Build.0 = Debug|Win32
		{D5821988-E2B4-41CB-922C-49FB81B2E7CB}.Release|x64.ActiveCfg = Release|x64
		{D5821988-E2B4-41CB-922C-49FB81B2E7CB}.Release|x64.Build.0 = Release|x64
		{D5821988-E2B4-41CB-922C-49FB81B2E7CB}.Release|x86.ActiveCfg = Release|Win32
		{D5821988-E2B4-41CB-922C-49FB81B2E7CB}.Release|x86.Build.0 = Release|Win32
	EndGlobalSection
	GlobalSection(SolutionProperties) = preSolution
		HideSolutionNode = FALSE
	EndGlobalSection
	GlobalSection(ExtensibilityGlobals) = postSolution
		SolutionGuid = {A5360F11-EFB2-42F6-A75D-F9B519D5D52B}
	EndGlobalSection
EndGlobal
